
Microsoft Visual Studio Solution File, Format Version 12.00
# Visual Studio Version 16
VisualStudioVersion = 16.0.32002.261
MinimumVisualStudioVersion = 10.0.40219.1
Project("{9A19103F-16F7-4668-BE54-9A1E7A4F7556}") = "MyLifeServer", "MyLifeServer\MyLifeServer.csproj", "{156F19E6-1C18-4551-9891-77EE656564EE}"
EndProject
Project("{FAE04EC0-301F-11D3-BF4B-00C04F79EFBC}") = "MyLifeClient", "MyLifeClient\MyLifeClient.csproj", "{AE3A4419-8506-45E2-ADD4-A51E85871ADC}"
EndProject
Global
	GlobalSection(SolutionConfigurationPlatforms) = preSolution
		Debug|Any CPU = Debug|Any CPU
		Release|Any CPU = Release|Any CPU
	EndGlobalSection
	GlobalSection(ProjectConfigurationPlatforms) = postSolution
		{156F19E6-1C18-4551-9891-77EE656564EE}.Debug|Any CPU.ActiveCfg = Debug|Any CPU
		{156F19E6-1C18-4551-9891-77EE656564EE}.Debug|Any CPU.Build.0 = Debug|Any CPU
		{156F19E6-1C18-4551-9891-77EE656564EE}.Release|Any CPU.ActiveCfg = Release|Any CPU
		{156F19E6-1C18-4551-9891-77EE656564EE}.Release|Any CPU.Build.0 = Release|Any CPU
		{AE3A4419-8506-45E2-ADD4-A51E85871ADC}.Debug|Any CPU.ActiveCfg = Debug|Any CPU
		{AE3A4419-8506-45E2-ADD4-A51E85871ADC}.Debug|Any CPU.Build.0 = Debug|Any CPU
		{AE3A4419-8506-45E2-ADD4-A51E85871ADC}.Release|Any CPU.ActiveCfg = Release|Any CPU
		{AE3A4419-8506-45E2-ADD4-A51E85871ADC}.Release|Any CPU.Build.0 = Release|Any CPU
	EndGlobalSection
	GlobalSection(SolutionProperties) = preSolution
		HideSolutionNode = FALSE
	EndGlobalSection
	GlobalSection(ExtensibilityGlobals) = postSolution
		SolutionGuid = {7BF3CC0C-0A17-470E-B2E5-F342DC2837C5}
	EndGlobalSection
EndGlobal
